<?xml version="1.0" encoding="utf-8"?>
<Project ToolsVersion="4.0" xmlns="http://schemas.microsoft.com/developer/msbuild/2003">
  <ItemGroup>
    <Filter Include="Source Files">
      <UniqueIdentifier>{4FC737F1-C7A5-4376-A066-2A32D752A2FF}</UniqueIdentifier>
      <Extensions>cpp;c;cc;cxx;def;odl;idl;hpj;bat;asm;asmx</Extensions>
    </Filter>
    <Filter Include="Header Files">
      <UniqueIdentifier>{93995380-89BD-4b04-88EB-625FBE52EBFB}</UniqueIdentifier>
      <Extensions>h;hpp;hxx;hm;inl;inc;xsd</Extensions>
    </Filter>
    <Filter Include="Resource Files">
      <UniqueIdentifier>{67DA6AB6-F800-4c08-8B7A-83BB121AAD01}</UniqueIdentifier>
      <Extensions>rc;ico;cur;bmp;dlg;rc2;rct;bin;rgs;gif;jpg;jpeg;jpe;resx;tiff;tif;png;wav</Extensions>
    </Filter>
  </ItemGroup>
  <ItemGroup>
    <ClCompile Include="BehavioralSymptoms.cpp">
      <Filter>Source Files</Filter>
    </ClCompile>
    <ClCompile Include="CheckI8000Base.cpp">
      <Filter>Source Files</Filter>
    </ClCompile>
    <ClCompile Include="CheckI8000Logic.cpp">
      <Filter>Source Files</Filter>
    </ClCompile>
    <ClCompile Include="ClinicallyComplex.cpp">
      <Filter>Source Files</Filter>
    </ClCompile>
    <ClCompile Include="ConvertToDigit.cpp">
      <Filter>Source Files</Filter>
    </ClCompile>
    <ClCompile Include="DiagnosisCodesLoaded.cpp">
      <Filter>Source Files</Filter>
    </ClCompile>
    <ClCompile Include="ExtensiveServices.cpp">
      <Filter>Source Files</Filter>
    </ClCompile>
    <ClCompile Include="ICD10Retrieval.cpp">
      <Filter>Source Files</Filter>
    </ClCompile>
    <ClCompile Include="mdsgrouper.cpp">
      <Filter>Source Files</Filter>
    </ClCompile>
    <ClCompile Include="MiscCalculations.cpp">
      <Filter>Source Files</Filter>
    </ClCompile>
    <ClCompile Include="NTAComponent.cpp">
      <Filter>Source Files</Filter>
    </ClCompile>
    <ClCompile Include="NursingComponent.cpp">
      <Filter>Source Files</Filter>
    </ClCompile>
    <ClCompile Include="OTComponent.cpp">
      <Filter>Source Files</Filter>
    </ClCompile>
    <ClCompile Include="PTComponent.cpp">
      <Filter>Source Files</Filter>
    </ClCompile>
    <ClCompile Include="ReducedPhysicalFunction.cpp">
      <Filter>Source Files</Filter>
    </ClCompile>
    <ClCompile Include="SLPComponent.cpp">
      <Filter>Source Files</Filter>
    </ClCompile>
    <ClCompile Include="SpecialCareHigh.cpp">
      <Filter>Source Files</Filter>
    </ClCompile>
    <ClCompile Include="SpecialCareLow.cpp">
      <Filter>Source Files</Filter>
    </ClCompile>
  </ItemGroup>
  <ItemGroup>
    <ClInclude Include="BehavioralSymptoms.h">
      <Filter>Header Files</Filter>
    </ClInclude>
    <ClInclude Include="CheckI8000Base.h">
      <Filter>Header Files</Filter>
    </ClInclude>
    <ClInclude Include="CheckI8000Logic.h">
      <Filter>Header Files</Filter>
    </ClInclude>
    <ClInclude Include="ClinicallyComplex.h">
      <Filter>Header Files</Filter>
    </ClInclude>
    <ClInclude Include="ConvertToDigit.h">
      <Filter>Header Files</Filter>
    </ClInclude>
    <ClInclude Include="DiagnosisCodesLoaded.h">
      <Filter>Header Files</Filter>
    </ClInclude>
    <ClInclude Include="ExtensiveServices.h">
      <Filter>Header Files</Filter>
    </ClInclude>
    <ClInclude Include="ICD10Retrieval.h">
      <Filter>Header Files</Filter>
    </ClInclude>
    <ClInclude Include="mdsgrouper.h">
      <Filter>Header Files</Filter>
    </ClInclude>
    <ClInclude Include="MiscCalculations.h">
      <Filter>Header Files</Filter>
    </ClInclude>
    <ClInclude Include="NTAComponent.h">
      <Filter>Header Files</Filter>
    </ClInclude>
    <ClInclude Include="NursingComponent.h">
      <Filter>Header Files</Filter>
    </ClInclude>
    <ClInclude Include="OTComponent.h">
      <Filter>Header Files</Filter>
    </ClInclude>
    <ClInclude Include="PTComponent.h">
      <Filter>Header Files</Filter>
    </ClInclude>
    <ClInclude Include="ReducedPhysicalFunction.h">
      <Filter>Header Files</Filter>
    </ClInclude>
    <ClInclude Include="SLPComponent.h">
      <Filter>Header Files</Filter>
    </ClInclude>
    <ClInclude Include="SpecialCareHigh.h">
      <Filter>Header Files</Filter>
    </ClInclude>
    <ClInclude Include="SpecialCareLow.h">
      <Filter>Header Files</Filter>
    </ClInclude>
    <ClInclude Include="userdll.h">
      <Filter>Header Files</Filter>
    </ClInclude>
  </ItemGroup>
  <ItemGroup>
    <Text Include="ReadMe.txt" />
  </ItemGroup>
</Project>